// !$*UTF8*$!
{
	archiveVersion = 1;
	classes = {
	};
	objectVersion = 46;
	objects = {

/* Begin PBXBuildFile section */
		2D8532D51EB4EAD900D74473 /* 兔子舞.mp3 in Resources */ = {isa = PBXBuildFile; fileRef = 2D8532D41EB4EAD900D74473 /* 兔子舞.mp3 */; };
		2D8532D71EB4EB1D00D74473 /* 鼓 1.mp3 in Resources */ = {isa = PBXBuildFile; fileRef = 2D8532D61EB4EB1D00D74473 /* 鼓 1.mp3 */; };
		2D8532D91EB4EBCC00D74473 /* 鼓 2.mp3 in Resources */ = {isa = PBXBuildFile; fileRef = 2D8532D81EB4EBCC00D74473 /* 鼓 2.mp3 */; };
		2D8532DB1EB4ED7200D74473 /* 打鼓 1.mp3 in Resources */ = {isa = PBXBuildFile; fileRef = 2D8532DA1EB4ED7200D74473 /* 打鼓 1.mp3 */; };
		2D8532DD1EB4EDB500D74473 /* 打鈸 1.mp3 in Resources */ = {isa = PBXBuildFile; fileRef = 2D8532DC1EB4EDB500D74473 /* 打鈸 1.mp3 */; };
		2D8532DF1EB4EDDB00D74473 /* 鼓鈸.mp3 in Resources */ = {isa = PBXBuildFile; fileRef = 2D8532DE1EB4EDDB00D74473 /* 鼓鈸.mp3 */; };
		2D8532E31EB4EFB200D74473 /* 鼓鈸 1.mp3 in Resources */ = {isa = PBXBuildFile; fileRef = 2D8532E01EB4EFB200D74473 /* 鼓鈸 1.mp3 */; };
		2D8532E41EB4EFB200D74473 /* 鼓鈸 2.mp3 in Resources */ = {isa = PBXBuildFile; fileRef = 2D8532E11EB4EFB200D74473 /* 鼓鈸 2.mp3 */; };
		2D8532E51EB4EFB200D74473 /* 鼓鈸（短）.mp3 in Resources */ = {isa = PBXBuildFile; fileRef = 2D8532E21EB4EFB200D74473 /* 鼓鈸（短）.mp3 */; };
		2D8532E81EB4F0B200D74473 /* 彈簧（多變化）.mp3 in Resources */ = {isa = PBXBuildFile; fileRef = 2D8532E61EB4F0B200D74473 /* 彈簧（多變化）.mp3 */; };
		2D8532E91EB4F0B200D74473 /* 彈簧（長 1）.mp3 in Resources */ = {isa = PBXBuildFile; fileRef = 2D8532E71EB4F0B200D74473 /* 彈簧（長 1）.mp3 */; };
		2D8532EC1EB4F13100D74473 /* 可惜.mp3 in Resources */ = {isa = PBXBuildFile; fileRef = 2D8532EA1EB4F13100D74473 /* 可惜.mp3 */; };
		2D8532ED1EB4F13100D74473 /* 鼓掌聲 1.mp3 in Resources */ = {isa = PBXBuildFile; fileRef = 2D8532EB1EB4F13100D74473 /* 鼓掌聲 1.mp3 */; };
		2D8532EF1EB4F30E00D74473 /* 延俊出場.mp3 in Resources */ = {isa = PBXBuildFile; fileRef = 2D8532EE1EB4F30E00D74473 /* 延俊出場.mp3 */; };
		2DDF8F901EA69E930087E446 /* 法國貴婦.mp3 in Resources */ = {isa = PBXBuildFile; fileRef = 2DDF8F821EA69E930087E446 /* 法國貴婦.mp3 */; };
		2DDF8F911EA69E930087E446 /* 台灣阿姊.mp3 in Resources */ = {isa = PBXBuildFile; fileRef = 2DDF8F831EA69E930087E446 /* 台灣阿姊.mp3 */; };
		2DDF8F921EA69E930087E446 /* 哪吒三太子.mp3 in Resources */ = {isa = PBXBuildFile; fileRef = 2DDF8F841EA69E930087E446 /* 哪吒三太子.mp3 */; };
		2DDF8F931EA69E930087E446 /* 軍人.mp3 in Resources */ = {isa = PBXBuildFile; fileRef = 2DDF8F851EA69E930087E446 /* 軍人.mp3 */; };
		2DDF8F941EA69E930087E446 /* 電話鈴.mp3 in Resources */ = {isa = PBXBuildFile; fileRef = 2DDF8F861EA69E930087E446 /* 電話鈴.mp3 */; };
		2DDF8F951EA69E930087E446 /* 科技新貴.mp3 in Resources */ = {isa = PBXBuildFile; fileRef = 2DDF8F871EA69E930087E446 /* 科技新貴.mp3 */; };
		2DDF8F961EA69E930087E446 /* 牧師.mp3 in Resources */ = {isa = PBXBuildFile; fileRef = 2DDF8F881EA69E930087E446 /* 牧師.mp3 */; };
		2DDF8F971EA69E930087E446 /* 老和尚.mp3 in Resources */ = {isa = PBXBuildFile; fileRef = 2DDF8F891EA69E930087E446 /* 老和尚.mp3 */; };
		2DDF8F981EA69E930087E446 /* 水電工.mp3 in Resources */ = {isa = PBXBuildFile; fileRef = 2DDF8F8A1EA69E930087E446 /* 水電工.mp3 */; };
		2DDF8F991EA69E930087E446 /* 警車聲.mp3 in Resources */ = {isa = PBXBuildFile; fileRef = 2DDF8F8B1EA69E930087E446 /* 警車聲.mp3 */; };
		2DDF8F9A1EA69E930087E446 /* 夏威夷草裙舞 1.mp3 in Resources */ = {isa = PBXBuildFile; fileRef = 2DDF8F8C1EA69E930087E446 /* 夏威夷草裙舞 1.mp3 */; };
		2DDF8F9B1EA69E930087E446 /* 夏威夷草裙舞 2.mp3 in Resources */ = {isa = PBXBuildFile; fileRef = 2DDF8F8D1EA69E930087E446 /* 夏威夷草裙舞 2.mp3 */; };
		2DDF8F9C1EA69E930087E446 /* 企業歌.mp3 in Resources */ = {isa = PBXBuildFile; fileRef = 2DDF8F8E1EA69E930087E446 /* 企業歌.mp3 */; };
		2DE2189F1EA29A50008C3AD7 /* main.m in Sources */ = {isa = PBXBuildFile; fileRef = 2DE2189E1EA29A50008C3AD7 /* main.m */; };
		2DE218A21EA29A50008C3AD7 /* AppDelegate.m in Sources */ = {isa = PBXBuildFile; fileRef = 2DE218A11EA29A50008C3AD7 /* AppDelegate.m */; };
		2DE218A81EA29A50008C3AD7 /* Main.storyboard in Resources */ = {isa = PBXBuildFile; fileRef = 2DE218A61EA29A50008C3AD7 /* Main.storyboard */; };
		2DE218AA1EA29A50008C3AD7 /* Assets.xcassets in Resources */ = {isa = PBXBuildFile; fileRef = 2DE218A91EA29A50008C3AD7 /* Assets.xcassets */; };
		2DE218AD1EA29A50008C3AD7 /* LaunchScreen.storyboard in Resources */ = {isa = PBXBuildFile; fileRef = 2DE218AB1EA29A50008C3AD7 /* LaunchScreen.storyboard */; };
		2DE218B61EA29A71008C3AD7 /* MusicBoxViewController.m in Sources */ = {isa = PBXBuildFile; fileRef = 2DE218B51EA29A71008C3AD7 /* MusicBoxViewController.m */; };
		2DE218B91EA29DC4008C3AD7 /* AVFoundation.framework in Frameworks */ = {isa = PBXBuildFile; fileRef = 2DE218B81EA29DC4008C3AD7 /* AVFoundation.framework */; };
/* End PBXBuildFile section */

/* Begin PBXFileReference section */
		2D8532D41EB4EAD900D74473 /* 兔子舞.mp3 */ = {isa = PBXFileReference; lastKnownFileType = audio.mp3; name = "兔子舞.mp3"; path = "MusicBox/Music/兔子舞.mp3"; sourceTree = "<group>"; };
		2D8532D61EB4EB1D00D74473 /* 鼓 1.mp3 */ = {isa = PBXFileReference; lastKnownFileType = audio.mp3; name = "鼓 1.mp3"; path = "MusicBox/Music/鼓 1.mp3"; sourceTree = "<group>"; };
		2D8532D81EB4EBCC00D74473 /* 鼓 2.mp3 */ = {isa = PBXFileReference; lastKnownFileType = audio.mp3; name = "鼓 2.mp3"; path = "MusicBox/Music/鼓 2.mp3"; sourceTree = "<group>"; };
		2D8532DA1EB4ED7200D74473 /* 打鼓 1.mp3 */ = {isa = PBXFileReference; lastKnownFileType = audio.mp3; name = "打鼓 1.mp3"; path = "MusicBox/Music/打鼓 1.mp3"; sourceTree = "<group>"; };
		2D8532DC1EB4EDB500D74473 /* 打鈸 1.mp3 */ = {isa = PBXFileReference; lastKnownFileType = audio.mp3; name = "打鈸 1.mp3"; path = "MusicBox/Music/打鈸 1.mp3"; sourceTree = "<group>"; };
		2D8532DE1EB4EDDB00D74473 /* 鼓鈸.mp3 */ = {isa = PBXFileReference; lastKnownFileType = audio.mp3; name = "鼓鈸.mp3"; path = "MusicBox/Music/鼓鈸.mp3"; sourceTree = "<group>"; };
		2D8532E01EB4EFB200D74473 /* 鼓鈸 1.mp3 */ = {isa = PBXFileReference; lastKnownFileType = audio.mp3; name = "鼓鈸 1.mp3"; path = "MusicBox/Music/鼓鈸 1.mp3"; sourceTree = "<group>"; };
		2D8532E11EB4EFB200D74473 /* 鼓鈸 2.mp3 */ = {isa = PBXFileReference; lastKnownFileType = audio.mp3; name = "鼓鈸 2.mp3"; path = "MusicBox/Music/鼓鈸 2.mp3"; sourceTree = "<group>"; };
		2D8532E21EB4EFB200D74473 /* 鼓鈸（短）.mp3 */ = {isa = PBXFileReference; lastKnownFileType = audio.mp3; name = "鼓鈸（短）.mp3"; path = "MusicBox/Music/鼓鈸（短）.mp3"; sourceTree = "<group>"; };
		2D8532E61EB4F0B200D74473 /* 彈簧（多變化）.mp3 */ = {isa = PBXFileReference; lastKnownFileType = audio.mp3; name = "彈簧（多變化）.mp3"; path = "MusicBox/Music/彈簧（多變化）.mp3"; sourceTree = "<group>"; };
		2D8532E71EB4F0B200D74473 /* 彈簧（長 1）.mp3 */ = {isa = PBXFileReference; lastKnownFileType = audio.mp3; name = "彈簧（長 1）.mp3"; path = "MusicBox/Music/彈簧（長 1）.mp3"; sourceTree = "<group>"; };
		2D8532EA1EB4F13100D74473 /* 可惜.mp3 */ = {isa = PBXFileReference; lastKnownFileType = audio.mp3; name = "可惜.mp3"; path = "MusicBox/Music/可惜.mp3"; sourceTree = "<group>"; };
		2D8532EB1EB4F13100D74473 /* 鼓掌聲 1.mp3 */ = {isa = PBXFileReference; lastKnownFileType = audio.mp3; name = "鼓掌聲 1.mp3"; path = "MusicBox/Music/鼓掌聲 1.mp3"; sourceTree = "<group>"; };
		2D8532EE1EB4F30E00D74473 /* 延俊出場.mp3 */ = {isa = PBXFileReference; lastKnownFileType = audio.mp3; name = "延俊出場.mp3"; path = "MusicBox/Music/延俊出場.mp3"; sourceTree = "<group>"; };
		2DDF8F821EA69E930087E446 /* 法國貴婦.mp3 */ = {isa = PBXFileReference; lastKnownFileType = audio.mp3; name = "法國貴婦.mp3"; path = "MusicBox/Music/法國貴婦.mp3"; sourceTree = "<group>"; };
		2DDF8F831EA69E930087E446 /* 台灣阿姊.mp3 */ = {isa = PBXFileReference; lastKnownFileType = audio.mp3; name = "台灣阿姊.mp3"; path = "MusicBox/Music/台灣阿姊.mp3"; sourceTree = "<group>"; };
		2DDF8F841EA69E930087E446 /* 哪吒三太子.mp3 */ = {isa = PBXFileReference; lastKnownFileType = audio.mp3; name = "哪吒三太子.mp3"; path = "MusicBox/Music/哪吒三太子.mp3"; sourceTree = "<group>"; };
		2DDF8F851EA69E930087E446 /* 軍人.mp3 */ = {isa = PBXFileReference; lastKnownFileType = audio.mp3; name = "軍人.mp3"; path = "MusicBox/Music/軍人.mp3"; sourceTree = "<group>"; };
		2DDF8F861EA69E930087E446 /* 電話鈴.mp3 */ = {isa = PBXFileReference; lastKnownFileType = audio.mp3; name = "電話鈴.mp3"; path = "MusicBox/Music/電話鈴.mp3"; sourceTree = "<group>"; };
		2DDF8F871EA69E930087E446 /* 科技新貴.mp3 */ = {isa = PBXFileReference; lastKnownFileType = audio.mp3; name = "科技新貴.mp3"; path = "MusicBox/Music/科技新貴.mp3"; sourceTree = "<group>"; };
		2DDF8F881EA69E930087E446 /* 牧師.mp3 */ = {isa = PBXFileReference; lastKnownFileType = audio.mp3; name = "牧師.mp3"; path = "MusicBox/Music/牧師.mp3"; sourceTree = "<group>"; };
		2DDF8F891EA69E930087E446 /* 老和尚.mp3 */ = {isa = PBXFileReference; lastKnownFileType = audio.mp3; name = "老和尚.mp3"; path = "MusicBox/Music/老和尚.mp3"; sourceTree = "<group>"; };
		2DDF8F8A1EA69E930087E446 /* 水電工.mp3 */ = {isa = PBXFileReference; lastKnownFileType = audio.mp3; name = "水電工.mp3"; path = "MusicBox/Music/水電工.mp3"; sourceTree = "<group>"; };
		2DDF8F8B1EA69E930087E446 /* 警車聲.mp3 */ = {isa = PBXFileReference; lastKnownFileType = audio.mp3; name = "警車聲.mp3"; path = "MusicBox/Music/警車聲.mp3"; sourceTree = "<group>"; };
		2DDF8F8C1EA69E930087E446 /* 夏威夷草裙舞 1.mp3 */ = {isa = PBXFileReference; lastKnownFileType = audio.mp3; name = "夏威夷草裙舞 1.mp3"; path = "MusicBox/Music/夏威夷草裙舞 1.mp3"; sourceTree = "<group>"; };
		2DDF8F8D1EA69E930087E446 /* 夏威夷草裙舞 2.mp3 */ = {isa = PBXFileReference; lastKnownFileType = audio.mp3; name = "夏威夷草裙舞 2.mp3"; path = "MusicBox/Music/夏威夷草裙舞 2.mp3"; sourceTree = "<group>"; };
		2DDF8F8E1EA69E930087E446 /* 企業歌.mp3 */ = {isa = PBXFileReference; lastKnownFileType = audio.mp3; name = "企業歌.mp3"; path = "MusicBox/Music/企業歌.mp3"; sourceTree = "<group>"; };
		2DE2189A1EA29A50008C3AD7 /* MusicBox.app */ = {isa = PBXFileReference; explicitFileType = wrapper.application; includeInIndex = 0; path = MusicBox.app; sourceTree = BUILT_PRODUCTS_DIR; };
		2DE2189E1EA29A50008C3AD7 /* main.m */ = {isa = PBXFileReference; lastKnownFileType = sourcecode.c.objc; path = main.m; sourceTree = "<group>"; };
		2DE218A01EA29A50008C3AD7 /* AppDelegate.h */ = {isa = PBXFileReference; lastKnownFileType = sourcecode.c.h; path = AppDelegate.h; sourceTree = "<group>"; };
		2DE218A11EA29A50008C3AD7 /* AppDelegate.m */ = {isa = PBXFileReference; lastKnownFileType = sourcecode.c.objc; path = AppDelegate.m; sourceTree = "<group>"; };
		2DE218A71EA29A50008C3AD7 /* Base */ = {isa = PBXFileReference; lastKnownFileType = file.storyboard; name = Base; path = Base.lproj/Main.storyboard; sourceTree = "<group>"; };
		2DE218A91EA29A50008C3AD7 /* Assets.xcassets */ = {isa = PBXFileReference; lastKnownFileType = folder.assetcatalog; path = Assets.xcassets; sourceTree = "<group>"; };
		2DE218AC1EA29A50008C3AD7 /* Base */ = {isa = PBXFileReference; lastKnownFileType = file.storyboard; name = Base; path = Base.lproj/LaunchScreen.storyboard; sourceTree = "<group>"; };
		2DE218AE1EA29A50008C3AD7 /* Info.plist */ = {isa = PBXFileReference; lastKnownFileType = text.plist.xml; path = Info.plist; sourceTree = "<group>"; };
		2DE218B41EA29A71008C3AD7 /* MusicBoxViewController.h */ = {isa = PBXFileReference; fileEncoding = 4; lastKnownFileType = sourcecode.c.h; path = MusicBoxViewController.h; sourceTree = "<group>"; };
		2DE218B51EA29A71008C3AD7 /* MusicBoxViewController.m */ = {isa = PBXFileReference; fileEncoding = 4; lastKnownFileType = sourcecode.c.objc; path = MusicBoxViewController.m; sourceTree = "<group>"; };
		2DE218B81EA29DC4008C3AD7 /* AVFoundation.framework */ = {isa = PBXFileReference; lastKnownFileType = wrapper.framework; name = AVFoundation.framework; path = System/Library/Frameworks/AVFoundation.framework; sourceTree = SDKROOT; };
/* End PBXFileReference section */

/* Begin PBXFrameworksBuildPhase section */
		2DE218971EA29A50008C3AD7 /* Frameworks */ = {
			isa = PBXFrameworksBuildPhase;
			buildActionMask = 2147483647;
			files = (
				2DE218B91EA29DC4008C3AD7 /* AVFoundation.framework in Frameworks */,
			);
			runOnlyForDeploymentPostprocessing = 0;
		};
/* End PBXFrameworksBuildPhase section */

/* Begin PBXGroup section */
		2D7F10521EA69CF700B301F4 /* Music */ = {
			isa = PBXGroup;
			children = (
				2D8532EE1EB4F30E00D74473 /* 延俊出場.mp3 */,
				2DDF8F821EA69E930087E446 /* 法國貴婦.mp3 */,
				2DDF8F831EA69E930087E446 /* 台灣阿姊.mp3 */,
				2DDF8F841EA69E930087E446 /* 哪吒三太子.mp3 */,
				2DDF8F851EA69E930087E446 /* 軍人.mp3 */,
				2DDF8F861EA69E930087E446 /* 電話鈴.mp3 */,
				2DDF8F871EA69E930087E446 /* 科技新貴.mp3 */,
				2DDF8F881EA69E930087E446 /* 牧師.mp3 */,
				2DDF8F891EA69E930087E446 /* 老和尚.mp3 */,
				2DDF8F8A1EA69E930087E446 /* 水電工.mp3 */,
				2DDF8F8B1EA69E930087E446 /* 警車聲.mp3 */,
				2DDF8F8C1EA69E930087E446 /* 夏威夷草裙舞 1.mp3 */,
				2DDF8F8D1EA69E930087E446 /* 夏威夷草裙舞 2.mp3 */,
				2DDF8F8E1EA69E930087E446 /* 企業歌.mp3 */,
				2D8532D41EB4EAD900D74473 /* 兔子舞.mp3 */,
				2D8532D61EB4EB1D00D74473 /* 鼓 1.mp3 */,
				2D8532D81EB4EBCC00D74473 /* 鼓 2.mp3 */,
				2D8532DA1EB4ED7200D74473 /* 打鼓 1.mp3 */,
				2D8532DC1EB4EDB500D74473 /* 打鈸 1.mp3 */,
				2D8532DE1EB4EDDB00D74473 /* 鼓鈸.mp3 */,
				2D8532E01EB4EFB200D74473 /* 鼓鈸 1.mp3 */,
				2D8532E11EB4EFB200D74473 /* 鼓鈸 2.mp3 */,
				2D8532E21EB4EFB200D74473 /* 鼓鈸（短）.mp3 */,
				2D8532E61EB4F0B200D74473 /* 彈簧（多變化）.mp3 */,
				2D8532E71EB4F0B200D74473 /* 彈簧（長 1）.mp3 */,
				2D8532EA1EB4F13100D74473 /* 可惜.mp3 */,
				2D8532EB1EB4F13100D74473 /* 鼓掌聲 1.mp3 */,
			);
			name = Music;
			path = ..;
			sourceTree = "<group>";
		};
		2DE218911EA29A50008C3AD7 = {
			isa = PBXGroup;
			children = (
				2DE2189C1EA29A50008C3AD7 /* MusicBox */,
				2DE2189B1EA29A50008C3AD7 /* Products */,
				2DE218B71EA29DC3008C3AD7 /* Frameworks */,
			);
			sourceTree = "<group>";
		};
		2DE2189B1EA29A50008C3AD7 /* Products */ = {
			isa = PBXGroup;
			children = (
				2DE2189A1EA29A50008C3AD7 /* MusicBox.app */,
			);
			name = Products;
			sourceTree = "<group>";
		};
		2DE2189C1EA29A50008C3AD7 /* MusicBox */ = {
			isa = PBXGroup;
			children = (
				2D7F10521EA69CF700B301F4 /* Music */,
				2DE218A01EA29A50008C3AD7 /* AppDelegate.h */,
				2DE218A11EA29A50008C3AD7 /* AppDelegate.m */,
				2DE218B41EA29A71008C3AD7 /* MusicBoxViewController.h */,
				2DE218B51EA29A71008C3AD7 /* MusicBoxViewController.m */,
				2DE218A61EA29A50008C3AD7 /* Main.storyboard */,
				2DE218A91EA29A50008C3AD7 /* Assets.xcassets */,
				2DE218AB1EA29A50008C3AD7 /* LaunchScreen.storyboard */,
				2DE218AE1EA29A50008C3AD7 /* Info.plist */,
				2DE2189D1EA29A50008C3AD7 /* Supporting Files */,
			);
			path = MusicBox;
			sourceTree = "<group>";
		};
		2DE2189D1EA29A50008C3AD7 /* Supporting Files */ = {
			isa = PBXGroup;
			children = (
				2DE2189E1EA29A50008C3AD7 /* main.m */,
			);
			name = "Supporting Files";
			sourceTree = "<group>";
		};
		2DE218B71EA29DC3008C3AD7 /* Frameworks */ = {
			isa = PBXGroup;
			children = (
				2DE218B81EA29DC4008C3AD7 /* AVFoundation.framework */,
			);
			name = Frameworks;
			sourceTree = "<group>";
		};
/* End PBXGroup section */

/* Begin PBXNativeTarget section */
		2DE218991EA29A50008C3AD7 /* MusicBox */ = {
			isa = PBXNativeTarget;
			buildConfigurationList = 2DE218B11EA29A50008C3AD7 /* Build configuration list for PBXNativeTarget "MusicBox" */;
			buildPhases = (
				2DE218961EA29A50008C3AD7 /* Sources */,
				2DE218971EA29A50008C3AD7 /* Frameworks */,
				2DE218981EA29A50008C3AD7 /* Resources */,
			);
			buildRules = (
			);
			dependencies = (
			);
			name = MusicBox;
			productName = MusicBox;
			productReference = 2DE2189A1EA29A50008C3AD7 /* MusicBox.app */;
			productType = "com.apple.product-type.application";
		};
/* End PBXNativeTarget section */

/* Begin PBXProject section */
		2DE218921EA29A50008C3AD7 /* Project object */ = {
			isa = PBXProject;
			attributes = {
				LastUpgradeCheck = 0820;
				ORGANIZATIONNAME = "YU-CHEN, LIN";
				TargetAttributes = {
					2DE218991EA29A50008C3AD7 = {
						CreatedOnToolsVersion = 8.2.1;
						ProvisioningStyle = Automatic;
					};
				};
			};
			buildConfigurationList = 2DE218951EA29A50008C3AD7 /* Build configuration list for PBXProject "MusicBox" */;
			compatibilityVersion = "Xcode 3.2";
			developmentRegion = English;
			hasScannedForEncodings = 0;
			knownRegions = (
				en,
				Base,
			);
			mainGroup = 2DE218911EA29A50008C3AD7;
			productRefGroup = 2DE2189B1EA29A50008C3AD7 /* Products */;
			projectDirPath = "";
			projectRoot = "";
			targets = (
				2DE218991EA29A50008C3AD7 /* MusicBox */,
			);
		};
/* End PBXProject section */

/* Begin PBXResourcesBuildPhase section */
		2DE218981EA29A50008C3AD7 /* Resources */ = {
			isa = PBXResourcesBuildPhase;
			buildActionMask = 2147483647;
			files = (
				2D8532E51EB4EFB200D74473 /* 鼓鈸（短）.mp3 in Resources */,
				2D8532ED1EB4F13100D74473 /* 鼓掌聲 1.mp3 in Resources */,
				2DDF8F911EA69E930087E446 /* 台灣阿姊.mp3 in Resources */,
				2DDF8F931EA69E930087E446 /* 軍人.mp3 in Resources */,
				2D8532D51EB4EAD900D74473 /* 兔子舞.mp3 in Resources */,
				2D8532E81EB4F0B200D74473 /* 彈簧（多變化）.mp3 in Resources */,
				2DDF8F971EA69E930087E446 /* 老和尚.mp3 in Resources */,
				2DE218AD1EA29A50008C3AD7 /* LaunchScreen.storyboard in Resources */,
				2DDF8F991EA69E930087E446 /* 警車聲.mp3 in Resources */,
				2D8532E91EB4F0B200D74473 /* 彈簧（長 1）.mp3 in Resources */,
				2DDF8F941EA69E930087E446 /* 電話鈴.mp3 in Resources */,
				2DDF8F921EA69E930087E446 /* 哪吒三太子.mp3 in Resources */,
				2D8532EC1EB4F13100D74473 /* 可惜.mp3 in Resources */,
				2DDF8F9B1EA69E930087E446 /* 夏威夷草裙舞 2.mp3 in Resources */,
				2D8532E31EB4EFB200D74473 /* 鼓鈸 1.mp3 in Resources */,
				2D8532DD1EB4EDB500D74473 /* 打鈸 1.mp3 in Resources */,
				2D8532D91EB4EBCC00D74473 /* 鼓 2.mp3 in Resources */,
				2DE218AA1EA29A50008C3AD7 /* Assets.xcassets in Resources */,
				2DDF8F9A1EA69E930087E446 /* 夏威夷草裙舞 1.mp3 in Resources */,
				2DE218A81EA29A50008C3AD7 /* Main.storyboard in Resources */,
				2DDF8F961EA69E930087E446 /* 牧師.mp3 in Resources */,
				2D8532E41EB4EFB200D74473 /* 鼓鈸 2.mp3 in Resources */,
				2DDF8F901EA69E930087E446 /* 法國貴婦.mp3 in Resources */,
				2D8532D71EB4EB1D00D74473 /* 鼓 1.mp3 in Resources */,
				2DDF8F9C1EA69E930087E446 /* 企業歌.mp3 in Resources */,
				2D8532DB1EB4ED7200D74473 /* 打鼓 1.mp3 in Resources */,
				2D8532EF1EB4F30E00D74473 /* 延俊出場.mp3 in Resources */,
				2DDF8F981EA69E930087E446 /* 水電工.mp3 in Resources */,
				2D8532DF1EB4EDDB00D74473 /* 鼓鈸.mp3 in Resources */,
				2DDF8F951EA69E930087E446 /* 科技新貴.mp3 in Resources */,
			);
			runOnlyForDeploymentPostprocessing = 0;
		};
/* End PBXResourcesBuildPhase section */

/* Begin PBXSourcesBuildPhase section */
		2DE218961EA29A50008C3AD7 /* Sources */ = {
			isa = PBXSourcesBuildPhase;
			buildActionMask = 2147483647;
			files = (
				2DE218B61EA29A71008C3AD7 /* MusicBoxViewController.m in Sources */,
				2DE218A21EA29A50008C3AD7 /* AppDelegate.m in Sources */,
				2DE2189F1EA29A50008C3AD7 /* main.m in Sources */,
			);
			runOnlyForDeploymentPostprocessing = 0;
		};
/* End PBXSourcesBuildPhase section */

/* Begin PBXVariantGroup section */
		2DE218A61EA29A50008C3AD7 /* Main.storyboard */ = {
			isa = PBXVariantGroup;
			children = (
				2DE218A71EA29A50008C3AD7 /* Base */,
			);
			name = Main.storyboard;
			sourceTree = "<group>";
		};
		2DE218AB1EA29A50008C3AD7 /* LaunchScreen.storyboard */ = {
			isa = PBXVariantGroup;
			children = (
				2DE218AC1EA29A50008C3AD7 /* Base */,
			);
			name = LaunchScreen.storyboard;
			sourceTree = "<group>";
		};
/* End PBXVariantGroup section */

/* Begin XCBuildConfiguration section */
		2DE218AF1EA29A50008C3AD7 /* Debug */ = {
			isa = XCBuildConfiguration;
			buildSettings = {
				ALWAYS_SEARCH_USER_PATHS = NO;
				CLANG_ANALYZER_NONNULL = YES;
				CLANG_CXX_LANGUAGE_STANDARD = "gnu++0x";
				CLANG_CXX_LIBRARY = "libc++";
				CLANG_ENABLE_MODULES = YES;
				CLANG_ENABLE_OBJC_ARC = YES;
				CLANG_WARN_BOOL_CONVERSION = YES;
				CLANG_WARN_CONSTANT_CONVERSION = YES;
				CLANG_WARN_DIRECT_OBJC_ISA_USAGE = YES_ERROR;
				CLANG_WARN_DOCUMENTATION_COMMENTS = YES;
				CLANG_WARN_EMPTY_BODY = YES;
				CLANG_WARN_ENUM_CONVERSION = YES;
				CLANG_WARN_INFINITE_RECURSION = YES;
				CLANG_WARN_INT_CONVERSION = YES;
				CLANG_WARN_OBJC_ROOT_CLASS = YES_ERROR;
				CLANG_WARN_SUSPICIOUS_MOVE = YES;
				CLANG_WARN_UNREACHABLE_CODE = YES;
				CLANG_WARN__DUPLICATE_METHOD_MATCH = YES;
				"CODE_SIGN_IDENTITY[sdk=iphoneos*]" = "iPhone Developer";
				COPY_PHASE_STRIP = NO;
				DEBUG_INFORMATION_FORMAT = dwarf;
				ENABLE_STRICT_OBJC_MSGSEND = YES;
				ENABLE_TESTABILITY = YES;
				GCC_C_LANGUAGE_STANDARD = gnu99;
				GCC_DYNAMIC_NO_PIC = NO;
				GCC_NO_COMMON_BLOCKS = YES;
				GCC_OPTIMIZATION_LEVEL = 0;
				GCC_PREPROCESSOR_DEFINITIONS = (
					"DEBUG=1",
					"$(inherited)",
				);
				GCC_WARN_64_TO_32_BIT_CONVERSION = YES;
				GCC_WARN_ABOUT_RETURN_TYPE = YES_ERROR;
				GCC_WARN_UNDECLARED_SELECTOR = YES;
				GCC_WARN_UNINITIALIZED_AUTOS = YES_AGGRESSIVE;
				GCC_WARN_UNUSED_FUNCTION = YES;
				GCC_WARN_UNUSED_VARIABLE = YES;
				IPHONEOS_DEPLOYMENT_TARGET = 10.2;
				MTL_ENABLE_DEBUG_INFO = YES;
				ONLY_ACTIVE_ARCH = YES;
				SDKROOT = iphoneos;
				TARGETED_DEVICE_FAMILY = "1,2";
			};
			name = Debug;
		};
		2DE218B01EA29A50008C3AD7 /* Release */ = {
			isa = XCBuildConfiguration;
			buildSettings = {
				ALWAYS_SEARCH_USER_PATHS = NO;
				CLANG_ANALYZER_NONNULL = YES;
				CLANG_CXX_LANGUAGE_STANDARD = "gnu++0x";
				CLANG_CXX_LIBRARY = "libc++";
				CLANG_ENABLE_MODULES = YES;
				CLANG_ENABLE_OBJC_ARC = YES;
				CLANG_WARN_BOOL_CONVERSION = YES;
				CLANG_WARN_CONSTANT_CONVERSION = YES;
				CLANG_WARN_DIRECT_OBJC_ISA_USAGE = YES_ERROR;
				CLANG_WARN_DOCUMENTATION_COMMENTS = YES;
				CLANG_WARN_EMPTY_BODY = YES;
				CLANG_WARN_ENUM_CONVERSION = YES;
				CLANG_WARN_INFINITE_RECURSION = YES;
				CLANG_WARN_INT_CONVERSION = YES;
				CLANG_WARN_OBJC_ROOT_CLASS = YES_ERROR;
				CLANG_WARN_SUSPICIOUS_MOVE = YES;
				CLANG_WARN_UNREACHABLE_CODE = YES;
				CLANG_WARN__DUPLICATE_METHOD_MATCH = YES;
				"CODE_SIGN_IDENTITY[sdk=iphoneos*]" = "iPhone Developer";
				COPY_PHASE_STRIP = NO;
				DEBUG_INFORMATION_FORMAT = "dwarf-with-dsym";
				ENABLE_NS_ASSERTIONS = NO;
				ENABLE_STRICT_OBJC_MSGSEND = YES;
				GCC_C_LANGUAGE_STANDARD = gnu99;
				GCC_NO_COMMON_BLOCKS = YES;
				GCC_WARN_64_TO_32_BIT_CONVERSION = YES;
				GCC_WARN_ABOUT_RETURN_TYPE = YES_ERROR;
				GCC_WARN_UNDECLARED_SELECTOR = YES;
				GCC_WARN_UNINITIALIZED_AUTOS = YES_AGGRESSIVE;
				GCC_WARN_UNUSED_FUNCTION = YES;
				GCC_WARN_UNUSED_VARIABLE = YES;
				IPHONEOS_DEPLOYMENT_TARGET = 10.2;
				MTL_ENABLE_DEBUG_INFO = NO;
				SDKROOT = iphoneos;
				TARGETED_DEVICE_FAMILY = "1,2";
				VALIDATE_PRODUCT = YES;
			};
			name = Release;
		};
		2DE218B21EA29A50008C3AD7 /* Debug */ = {
			isa = XCBuildConfiguration;
			buildSettings = {
				ASSETCATALOG_COMPILER_APPICON_NAME = AppIcon;
				DEVELOPMENT_TEAM = "";
				INFOPLIST_FILE = MusicBox/Info.plist;
				IPHONEOS_DEPLOYMENT_TARGET = 8.1;
				LD_RUNPATH_SEARCH_PATHS = "$(inherited) @executable_path/Frameworks";
				PRODUCT_BUNDLE_IDENTIFIER = com.yuchenlin.MusicBox;
				PRODUCT_NAME = "$(TARGET_NAME)";
			};
			name = Debug;
		};
		2DE218B31EA29A50008C3AD7 /* Release */ = {
			isa = XCBuildConfiguration;
			buildSettings = {
				ASSETCATALOG_COMPILER_APPICON_NAME = AppIcon;
				DEVELOPMENT_TEAM = "";
				INFOPLIST_FILE = MusicBox/Info.plist;
				IPHONEOS_DEPLOYMENT_TARGET = 8.1;
				LD_RUNPATH_SEARCH_PATHS = "$(inherited) @executable_path/Frameworks";
				PRODUCT_BUNDLE_IDENTIFIER = com.yuchenlin.MusicBox;
				PRODUCT_NAME = "$(TARGET_NAME)";
			};
			name = Release;
		};
/* End XCBuildConfiguration section */

/* Begin XCConfigurationList section */
		2DE218951EA29A50008C3AD7 /* Build configuration list for PBXProject "MusicBox" */ = {
			isa = XCConfigurationList;
			buildConfigurations = (
				2DE218AF1EA29A50008C3AD7 /* Debug */,
				2DE218B01EA29A50008C3AD7 /* Release */,
			);
			defaultConfigurationIsVisible = 0;
			defaultConfigurationName = Release;
		};
		2DE218B11EA29A50008C3AD7 /* Build configuration list for PBXNativeTarget "MusicBox" */ = {
			isa = XCConfigurationList;
			buildConfigurations = (
				2DE218B21EA29A50008C3AD7 /* Debug */,
				2DE218B31EA29A50008C3AD7 /* Release */,
			);
			defaultConfigurationIsVisible = 0;
			defaultConfigurationName = Release;
		};
/* End XCConfigurationList section */
	};
	rootObject = 2DE218921EA29A50008C3AD7 /* Project object */;
}
